// !$*UTF8*$!
{
	archiveVersion = 1;
	classes = {
	};
	objectVersion = 46;
	objects = {

/* Begin PBXBuildFile section */
		8402E7341D76A7CD00FC7C51 /* main.m in Sources */ = {isa = PBXBuildFile; fileRef = 8402E7331D76A7CD00FC7C51 /* main.m */; };
		8402E7371D76A7CD00FC7C51 /* AppDelegate.m in Sources */ = {isa = PBXBuildFile; fileRef = 8402E7361D76A7CD00FC7C51 /* AppDelegate.m */; };
		8402E73D1D76A7CD00FC7C51 /* Main.storyboard in Resources */ = {isa = PBXBuildFile; fileRef = 8402E73B1D76A7CD00FC7C51 /* Main.storyboard */; };
		8402E73F1D76A7CD00FC7C51 /* Assets.xcassets in Resources */ = {isa = PBXBuildFile; fileRef = 8402E73E1D76A7CD00FC7C51 /* Assets.xcassets */; };
		8402E7421D76A7CD00FC7C51 /* LaunchScreen.storyboard in Resources */ = {isa = PBXBuildFile; fileRef = 8402E7401D76A7CD00FC7C51 /* LaunchScreen.storyboard */; };
		8402E74D1D76A7CD00FC7C51 /* WQQRScanTests.m in Sources */ = {isa = PBXBuildFile; fileRef = 8402E74C1D76A7CD00FC7C51 /* WQQRScanTests.m */; };
		8402E7581D76A7CD00FC7C51 /* WQQRScanUITests.m in Sources */ = {isa = PBXBuildFile; fileRef = 8402E7571D76A7CD00FC7C51 /* WQQRScanUITests.m */; };
		8467F25A1DB0CA0A00BC449B /* WQCode.m in Sources */ = {isa = PBXBuildFile; fileRef = 8467F2591DB0CA0A00BC449B /* WQCode.m */; };
		8467F2601DB0CCB000BC449B /* WQMenuTVC.m in Sources */ = {isa = PBXBuildFile; fileRef = 8467F25F1DB0CCB000BC449B /* WQMenuTVC.m */; };
		8467F2631DB0CE5C00BC449B /* WQCreateVC.m in Sources */ = {isa = PBXBuildFile; fileRef = 8467F2621DB0CE5C00BC449B /* WQCreateVC.m */; };
		8467F2661DB0CE6F00BC449B /* WQScanVC.m in Sources */ = {isa = PBXBuildFile; fileRef = 8467F2651DB0CE6F00BC449B /* WQScanVC.m */; };
		84938B7D1DB4676500C17EFF /* Airplane.png in Resources */ = {isa = PBXBuildFile; fileRef = 84938B7C1DB4676500C17EFF /* Airplane.png */; };
		84938B801DB4702C00C17EFF /* WQCreateCode.gif in Resources */ = {isa = PBXBuildFile; fileRef = 84938B7F1DB4702C00C17EFF /* WQCreateCode.gif */; };
/* End PBXBuildFile section */

/* Begin PBXContainerItemProxy section */
		8402E7491D76A7CD00FC7C51 /* PBXContainerItemProxy */ = {
			isa = PBXContainerItemProxy;
			containerPortal = 8402E7271D76A7CD00FC7C51 /* Project object */;
			proxyType = 1;
			remoteGlobalIDString = 8402E72E1D76A7CD00FC7C51;
			remoteInfo = WQQRScan;
		};
		8402E7541D76A7CD00FC7C51 /* PBXContainerItemProxy */ = {
			isa = PBXContainerItemProxy;
			containerPortal = 8402E7271D76A7CD00FC7C51 /* Project object */;
			proxyType = 1;
			remoteGlobalIDString = 8402E72E1D76A7CD00FC7C51;
			remoteInfo = WQQRScan;
		};
/* End PBXContainerItemProxy section */

/* Begin PBXFileReference section */
		8402E72F1D76A7CD00FC7C51 /* WQQRScan.app */ = {isa = PBXFileReference; explicitFileType = wrapper.application; includeInIndex = 0; path = WQQRScan.app; sourceTree = BUILT_PRODUCTS_DIR; };
		8402E7331D76A7CD00FC7C51 /* main.m */ = {isa = PBXFileReference; lastKnownFileType = sourcecode.c.objc; path = main.m; sourceTree = "<group>"; };
		8402E7351D76A7CD00FC7C51 /* AppDelegate.h */ = {isa = PBXFileReference; lastKnownFileType = sourcecode.c.h; path = AppDelegate.h; sourceTree = "<group>"; };
		8402E7361D76A7CD00FC7C51 /* AppDelegate.m */ = {isa = PBXFileReference; lastKnownFileType = sourcecode.c.objc; path = AppDelegate.m; sourceTree = "<group>"; };
		8402E73C1D76A7CD00FC7C51 /* Base */ = {isa = PBXFileReference; lastKnownFileType = file.storyboard; name = Base; path = Base.lproj/Main.storyboard; sourceTree = "<group>"; };
		8402E73E1D76A7CD00FC7C51 /* Assets.xcassets */ = {isa = PBXFileReference; lastKnownFileType = folder.assetcatalog; path = Assets.xcassets; sourceTree = "<group>"; };
		8402E7411D76A7CD00FC7C51 /* Base */ = {isa = PBXFileReference; lastKnownFileType = file.storyboard; name = Base; path = Base.lproj/LaunchScreen.storyboard; sourceTree = "<group>"; };
		8402E7431D76A7CD00FC7C51 /* Info.plist */ = {isa = PBXFileReference; lastKnownFileType = text.plist.xml; path = Info.plist; sourceTree = "<group>"; };
		8402E7481D76A7CD00FC7C51 /* WQQRScanTests.xctest */ = {isa = PBXFileReference; explicitFileType = wrapper.cfbundle; includeInIndex = 0; path = WQQRScanTests.xctest; sourceTree = BUILT_PRODUCTS_DIR; };
		8402E74C1D76A7CD00FC7C51 /* WQQRScanTests.m */ = {isa = PBXFileReference; lastKnownFileType = sourcecode.c.objc; path = WQQRScanTests.m; sourceTree = "<group>"; };
		8402E74E1D76A7CD00FC7C51 /* Info.plist */ = {isa = PBXFileReference; lastKnownFileType = text.plist.xml; path = Info.plist; sourceTree = "<group>"; };
		8402E7531D76A7CD00FC7C51 /* WQQRScanUITests.xctest */ = {isa = PBXFileReference; explicitFileType = wrapper.cfbundle; includeInIndex = 0; path = WQQRScanUITests.xctest; sourceTree = BUILT_PRODUCTS_DIR; };
		8402E7571D76A7CD00FC7C51 /* WQQRScanUITests.m */ = {isa = PBXFileReference; lastKnownFileType = sourcecode.c.objc; path = WQQRScanUITests.m; sourceTree = "<group>"; };
		8402E7591D76A7CD00FC7C51 /* Info.plist */ = {isa = PBXFileReference; lastKnownFileType = text.plist.xml; path = Info.plist; sourceTree = "<group>"; };
		8467F2581DB0CA0A00BC449B /* WQCode.h */ = {isa = PBXFileReference; fileEncoding = 4; lastKnownFileType = sourcecode.c.h; path = WQCode.h; sourceTree = "<group>"; };
		8467F2591DB0CA0A00BC449B /* WQCode.m */ = {isa = PBXFileReference; fileEncoding = 4; lastKnownFileType = sourcecode.c.objc; path = WQCode.m; sourceTree = "<group>"; };
		8467F25E1DB0CCB000BC449B /* WQMenuTVC.h */ = {isa = PBXFileReference; fileEncoding = 4; lastKnownFileType = sourcecode.c.h; path = WQMenuTVC.h; sourceTree = "<group>"; };
		8467F25F1DB0CCB000BC449B /* WQMenuTVC.m */ = {isa = PBXFileReference; fileEncoding = 4; lastKnownFileType = sourcecode.c.objc; path = WQMenuTVC.m; sourceTree = "<group>"; };
		8467F2611DB0CE5C00BC449B /* WQCreateVC.h */ = {isa = PBXFileReference; fileEncoding = 4; lastKnownFileType = sourcecode.c.h; path = WQCreateVC.h; sourceTree = "<group>"; };
		8467F2621DB0CE5C00BC449B /* WQCreateVC.m */ = {isa = PBXFileReference; fileEncoding = 4; lastKnownFileType = sourcecode.c.objc; path = WQCreateVC.m; sourceTree = "<group>"; };
		8467F2641DB0CE6F00BC449B /* WQScanVC.h */ = {isa = PBXFileReference; fileEncoding = 4; lastKnownFileType = sourcecode.c.h; path = WQScanVC.h; sourceTree = "<group>"; };
		8467F2651DB0CE6F00BC449B /* WQScanVC.m */ = {isa = PBXFileReference; fileEncoding = 4; lastKnownFileType = sourcecode.c.objc; path = WQScanVC.m; sourceTree = "<group>"; };
		84938B7C1DB4676500C17EFF /* Airplane.png */ = {isa = PBXFileReference; lastKnownFileType = image.png; path = Airplane.png; sourceTree = "<group>"; };
		84938B7F1DB4702C00C17EFF /* WQCreateCode.gif */ = {isa = PBXFileReference; lastKnownFileType = image.gif; path = WQCreateCode.gif; sourceTree = "<group>"; };
/* End PBXFileReference section */

/* Begin PBXFrameworksBuildPhase section */
		8402E72C1D76A7CD00FC7C51 /* Frameworks */ = {
			isa = PBXFrameworksBuildPhase;
			buildActionMask = 2147483647;
			files = (
			);
			runOnlyForDeploymentPostprocessing = 0;
		};
		8402E7451D76A7CD00FC7C51 /* Frameworks */ = {
			isa = PBXFrameworksBuildPhase;
			buildActionMask = 2147483647;
			files = (
			);
			runOnlyForDeploymentPostprocessing = 0;
		};
		8402E7501D76A7CD00FC7C51 /* Frameworks */ = {
			isa = PBXFrameworksBuildPhase;
			buildActionMask = 2147483647;
			files = (
			);
			runOnlyForDeploymentPostprocessing = 0;
		};
/* End PBXFrameworksBuildPhase section */

/* Begin PBXGroup section */
		8402E7261D76A7CD00FC7C51 = {
			isa = PBXGroup;
			children = (
				8402E7311D76A7CD00FC7C51 /* WQQRScan */,
				8402E74B1D76A7CD00FC7C51 /* WQQRScanTests */,
				8402E7561D76A7CD00FC7C51 /* WQQRScanUITests */,
				8402E7301D76A7CD00FC7C51 /* Products */,
			);
			sourceTree = "<group>";
			usesTabs = 0;
		};
		8402E7301D76A7CD00FC7C51 /* Products */ = {
			isa = PBXGroup;
			children = (
				8402E72F1D76A7CD00FC7C51 /* WQQRScan.app */,
				8402E7481D76A7CD00FC7C51 /* WQQRScanTests.xctest */,
				8402E7531D76A7CD00FC7C51 /* WQQRScanUITests.xctest */,
			);
			name = Products;
			sourceTree = "<group>";
		};
		8402E7311D76A7CD00FC7C51 /* WQQRScan */ = {
			isa = PBXGroup;
			children = (
				84938B7E1DB4702C00C17EFF /* EffectGif */,
				8467F2571DB0CA0A00BC449B /* WQCode */,
				84938B7C1DB4676500C17EFF /* Airplane.png */,
				8467F25E1DB0CCB000BC449B /* WQMenuTVC.h */,
				8467F25F1DB0CCB000BC449B /* WQMenuTVC.m */,
				8467F2641DB0CE6F00BC449B /* WQScanVC.h */,
				8467F2651DB0CE6F00BC449B /* WQScanVC.m */,
				8467F2611DB0CE5C00BC449B /* WQCreateVC.h */,
				8467F2621DB0CE5C00BC449B /* WQCreateVC.m */,
				8402E7351D76A7CD00FC7C51 /* AppDelegate.h */,
				8402E7361D76A7CD00FC7C51 /* AppDelegate.m */,
				8402E73B1D76A7CD00FC7C51 /* Main.storyboard */,
				8402E73E1D76A7CD00FC7C51 /* Assets.xcassets */,
				8402E7401D76A7CD00FC7C51 /* LaunchScreen.storyboard */,
				8402E7431D76A7CD00FC7C51 /* Info.plist */,
				8402E7321D76A7CD00FC7C51 /* Supporting Files */,
			);
			path = WQQRScan;
			sourceTree = "<group>";
		};
		8402E7321D76A7CD00FC7C51 /* Supporting Files */ = {
			isa = PBXGroup;
			children = (
				8402E7331D76A7CD00FC7C51 /* main.m */,
			);
			name = "Supporting Files";
			sourceTree = "<group>";
		};
		8402E74B1D76A7CD00FC7C51 /* WQQRScanTests */ = {
			isa = PBXGroup;
			children = (
				8402E74C1D76A7CD00FC7C51 /* WQQRScanTests.m */,
				8402E74E1D76A7CD00FC7C51 /* Info.plist */,
			);
			path = WQQRScanTests;
			sourceTree = "<group>";
		};
		8402E7561D76A7CD00FC7C51 /* WQQRScanUITests */ = {
			isa = PBXGroup;
			children = (
				8402E7571D76A7CD00FC7C51 /* WQQRScanUITests.m */,
				8402E7591D76A7CD00FC7C51 /* Info.plist */,
			);
			path = WQQRScanUITests;
			sourceTree = "<group>";
		};
		8467F2571DB0CA0A00BC449B /* WQCode */ = {
			isa = PBXGroup;
			children = (
				8467F2581DB0CA0A00BC449B /* WQCode.h */,
				8467F2591DB0CA0A00BC449B /* WQCode.m */,
			);
			path = WQCode;
			sourceTree = "<group>";
		};
		84938B7E1DB4702C00C17EFF /* EffectGif */ = {
			isa = PBXGroup;
			children = (
				84938B7F1DB4702C00C17EFF /* WQCreateCode.gif */,
			);
			path = EffectGif;
			sourceTree = "<group>";
		};
/* End PBXGroup section */

/* Begin PBXNativeTarget section */
		8402E72E1D76A7CD00FC7C51 /* WQQRScan */ = {
			isa = PBXNativeTarget;
			buildConfigurationList = 8402E75C1D76A7CD00FC7C51 /* Build configuration list for PBXNativeTarget "WQQRScan" */;
			buildPhases = (
				8402E72B1D76A7CD00FC7C51 /* Sources */,
				8402E72C1D76A7CD00FC7C51 /* Frameworks */,
				8402E72D1D76A7CD00FC7C51 /* Resources */,
			);
			buildRules = (
			);
			dependencies = (
			);
			name = WQQRScan;
			productName = WQQRScan;
			productReference = 8402E72F1D76A7CD00FC7C51 /* WQQRScan.app */;
			productType = "com.apple.product-type.application";
		};
		8402E7471D76A7CD00FC7C51 /* WQQRScanTests */ = {
			isa = PBXNativeTarget;
			buildConfigurationList = 8402E75F1D76A7CD00FC7C51 /* Build configuration list for PBXNativeTarget "WQQRScanTests" */;
			buildPhases = (
				8402E7441D76A7CD00FC7C51 /* Sources */,
				8402E7451D76A7CD00FC7C51 /* Frameworks */,
				8402E7461D76A7CD00FC7C51 /* Resources */,
			);
			buildRules = (
			);
			dependencies = (
				8402E74A1D76A7CD00FC7C51 /* PBXTargetDependency */,
			);
			name = WQQRScanTests;
			productName = WQQRScanTests;
			productReference = 8402E7481D76A7CD00FC7C51 /* WQQRScanTests.xctest */;
			productType = "com.apple.product-type.bundle.unit-test";
		};
		8402E7521D76A7CD00FC7C51 /* WQQRScanUITests */ = {
			isa = PBXNativeTarget;
			buildConfigurationList = 8402E7621D76A7CD00FC7C51 /* Build configuration list for PBXNativeTarget "WQQRScanUITests" */;
			buildPhases = (
				8402E74F1D76A7CD00FC7C51 /* Sources */,
				8402E7501D76A7CD00FC7C51 /* Frameworks */,
				8402E7511D76A7CD00FC7C51 /* Resources */,
			);
			buildRules = (
			);
			dependencies = (
				8402E7551D76A7CD00FC7C51 /* PBXTargetDependency */,
			);
			name = WQQRScanUITests;
			productName = WQQRScanUITests;
			productReference = 8402E7531D76A7CD00FC7C51 /* WQQRScanUITests.xctest */;
			productType = "com.apple.product-type.bundle.ui-testing";
		};
/* End PBXNativeTarget section */

/* Begin PBXProject section */
		8402E7271D76A7CD00FC7C51 /* Project object */ = {
			isa = PBXProject;
			attributes = {
				CLASSPREFIX = WQ;
				LastUpgradeCheck = 0720;
				ORGANIZATIONNAME = SUWQ;
				TargetAttributes = {
					8402E72E1D76A7CD00FC7C51 = {
						CreatedOnToolsVersion = 7.2;
					};
					8402E7471D76A7CD00FC7C51 = {
						CreatedOnToolsVersion = 7.2;
						TestTargetID = 8402E72E1D76A7CD00FC7C51;
					};
					8402E7521D76A7CD00FC7C51 = {
						CreatedOnToolsVersion = 7.2;
						TestTargetID = 8402E72E1D76A7CD00FC7C51;
					};
				};
			};
			buildConfigurationList = 8402E72A1D76A7CD00FC7C51 /* Build configuration list for PBXProject "WQQRScan" */;
			compatibilityVersion = "Xcode 3.2";
			developmentRegion = English;
			hasScannedForEncodings = 0;
			knownRegions = (
				en,
				Base,
			);
			mainGroup = 8402E7261D76A7CD00FC7C51;
			productRefGroup = 8402E7301D76A7CD00FC7C51 /* Products */;
			projectDirPath = "";
			projectRoot = "";
			targets = (
				8402E72E1D76A7CD00FC7C51 /* WQQRScan */,
				8402E7471D76A7CD00FC7C51 /* WQQRScanTests */,
				8402E7521D76A7CD00FC7C51 /* WQQRScanUITests */,
			);
		};
/* End PBXProject section */

/* Begin PBXResourcesBuildPhase section */
		8402E72D1D76A7CD00FC7C51 /* Resources */ = {
			isa = PBXResourcesBuildPhase;
			buildActionMask = 2147483647;
			files = (
				8402E7421D76A7CD00FC7C51 /* LaunchScreen.storyboard in Resources */,
				8402E73F1D76A7CD00FC7C51 /* Assets.xcassets in Resources */,
				84938B801DB4702C00C17EFF /* WQCreateCode.gif in Resources */,
				8402E73D1D76A7CD00FC7C51 /* Main.storyboard in Resources */,
				84938B7D1DB4676500C17EFF /* Airplane.png in Resources */,
			);
			runOnlyForDeploymentPostprocessing = 0;
		};
		8402E7461D76A7CD00FC7C51 /* Resources */ = {
			isa = PBXResourcesBuildPhase;
			buildActionMask = 2147483647;
			files = (
			);
			runOnlyForDeploymentPostprocessing = 0;
		};
		8402E7511D76A7CD00FC7C51 /* Resources */ = {
			isa = PBXResourcesBuildPhase;
			buildActionMask = 2147483647;
			files = (
			);
			runOnlyForDeploymentPostprocessing = 0;
		};
/* End PBXResourcesBuildPhase section */

/* Begin PBXSourcesBuildPhase section */
		8402E72B1D76A7CD00FC7C51 /* Sources */ = {
			isa = PBXSourcesBuildPhase;
			buildActionMask = 2147483647;
			files = (
				8467F2631DB0CE5C00BC449B /* WQCreateVC.m in Sources */,
				8467F2661DB0CE6F00BC449B /* WQScanVC.m in Sources */,
				8467F2601DB0CCB000BC449B /* WQMenuTVC.m in Sources */,
				8402E7371D76A7CD00FC7C51 /* AppDelegate.m in Sources */,
				8402E7341D76A7CD00FC7C51 /* main.m in Sources */,
				8467F25A1DB0CA0A00BC449B /* WQCode.m in Sources */,
			);
			runOnlyForDeploymentPostprocessing = 0;
		};
		8402E7441D76A7CD00FC7C51 /* Sources */ = {
			isa = PBXSourcesBuildPhase;
			buildActionMask = 2147483647;
			files = (
				8402E74D1D76A7CD00FC7C51 /* WQQRScanTests.m in Sources */,
			);
			runOnlyForDeploymentPostprocessing = 0;
		};
		8402E74F1D76A7CD00FC7C51 /* Sources */ = {
			isa = PBXSourcesBuildPhase;
			buildActionMask = 2147483647;
			files = (
				8402E7581D76A7CD00FC7C51 /* WQQRScanUITests.m in Sources */,
			);
			runOnlyForDeploymentPostprocessing = 0;
		};
/* End PBXSourcesBuildPhase section */

/* Begin PBXTargetDependency section */
		8402E74A1D76A7CD00FC7C51 /* PBXTargetDependency */ = {
			isa = PBXTargetDependency;
			target = 8402E72E1D76A7CD00FC7C51 /* WQQRScan */;
			targetProxy = 8402E7491D76A7CD00FC7C51 /* PBXContainerItemProxy */;
		};
		8402E7551D76A7CD00FC7C51 /* PBXTargetDependency */ = {
			isa = PBXTargetDependency;
			target = 8402E72E1D76A7CD00FC7C51 /* WQQRScan */;
			targetProxy = 8402E7541D76A7CD00FC7C51 /* PBXContainerItemProxy */;
		};
/* End PBXTargetDependency section */

/* Begin PBXVariantGroup section */
		8402E73B1D76A7CD00FC7C51 /* Main.storyboard */ = {
			isa = PBXVariantGroup;
			children = (
				8402E73C1D76A7CD00FC7C51 /* Base */,
			);
			name = Main.storyboard;
			sourceTree = "<group>";
		};
		8402E7401D76A7CD00FC7C51 /* LaunchScreen.storyboard */ = {
			isa = PBXVariantGroup;
			children = (
				8402E7411D76A7CD00FC7C51 /* Base */,
			);
			name = LaunchScreen.storyboard;
			sourceTree = "<group>";
		};
/* End PBXVariantGroup section */

/* Begin XCBuildConfiguration section */
		8402E75A1D76A7CD00FC7C51 /* Debug */ = {
			isa = XCBuildConfiguration;
			buildSettings = {
				ALWAYS_SEARCH_USER_PATHS = NO;
				CLANG_CXX_LANGUAGE_STANDARD = "gnu++0x";
				CLANG_CXX_LIBRARY = "libc++";
				CLANG_ENABLE_MODULES = YES;
				CLANG_ENABLE_OBJC_ARC = YES;
				CLANG_WARN_BOOL_CONVERSION = YES;
				CLANG_WARN_CONSTANT_CONVERSION = YES;
				CLANG_WARN_DIRECT_OBJC_ISA_USAGE = YES_ERROR;
				CLANG_WARN_EMPTY_BODY = YES;
				CLANG_WARN_ENUM_CONVERSION = YES;
				CLANG_WARN_INT_CONVERSION = YES;
				CLANG_WARN_OBJC_ROOT_CLASS = YES_ERROR;
				CLANG_WARN_UNREACHABLE_CODE = YES;
				CLANG_WARN__DUPLICATE_METHOD_MATCH = YES;
				"CODE_SIGN_IDENTITY[sdk=iphoneos*]" = "iPhone Developer";
				COPY_PHASE_STRIP = NO;
				DEBUG_INFORMATION_FORMAT = dwarf;
				ENABLE_STRICT_OBJC_MSGSEND = YES;
				ENABLE_TESTABILITY = YES;
				GCC_C_LANGUAGE_STANDARD = gnu99;
				GCC_DYNAMIC_NO_PIC = NO;
				GCC_NO_COMMON_BLOCKS = YES;
				GCC_OPTIMIZATION_LEVEL = 0;
				GCC_PREPROCESSOR_DEFINITIONS = (
					"DEBUG=1",
					"$(inherited)",
				);
				GCC_WARN_64_TO_32_BIT_CONVERSION = YES;
				GCC_WARN_ABOUT_RETURN_TYPE = YES_ERROR;
				GCC_WARN_UNDECLARED_SELECTOR = YES;
				GCC_WARN_UNINITIALIZED_AUTOS = YES_AGGRESSIVE;
				GCC_WARN_UNUSED_FUNCTION = YES;
				GCC_WARN_UNUSED_VARIABLE = YES;
				IPHONEOS_DEPLOYMENT_TARGET = 9.2;
				MTL_ENABLE_DEBUG_INFO = YES;
				ONLY_ACTIVE_ARCH = YES;
				SDKROOT = iphoneos;
			};
			name = Debug;
		};
		8402E75B1D76A7CD00FC7C51 /* Release */ = {
			isa = XCBuildConfiguration;
			buildSettings = {
				ALWAYS_SEARCH_USER_PATHS = NO;
				CLANG_CXX_LANGUAGE_STANDARD = "gnu++0x";
				CLANG_CXX_LIBRARY = "libc++";
				CLANG_ENABLE_MODULES = YES;
				CLANG_ENABLE_OBJC_ARC = YES;
				CLANG_WARN_BOOL_CONVERSION = YES;
				CLANG_WARN_CONSTANT_CONVERSION = YES;
				CLANG_WARN_DIRECT_OBJC_ISA_USAGE = YES_ERROR;
				CLANG_WARN_EMPTY_BODY = YES;
				CLANG_WARN_ENUM_CONVERSION = YES;
				CLANG_WARN_INT_CONVERSION = YES;
				CLANG_WARN_OBJC_ROOT_CLASS = YES_ERROR;
				CLANG_WARN_UNREACHABLE_CODE = YES;
				CLANG_WARN__DUPLICATE_METHOD_MATCH = YES;
				"CODE_SIGN_IDENTITY[sdk=iphoneos*]" = "iPhone Developer";
				COPY_PHASE_STRIP = NO;
				DEBUG_INFORMATION_FORMAT = "dwarf-with-dsym";
				ENABLE_NS_ASSERTIONS = NO;
				ENABLE_STRICT_OBJC_MSGSEND = YES;
				GCC_C_LANGUAGE_STANDARD = gnu99;
				GCC_NO_COMMON_BLOCKS = YES;
				GCC_WARN_64_TO_32_BIT_CONVERSION = YES;
				GCC_WARN_ABOUT_RETURN_TYPE = YES_ERROR;
				GCC_WARN_UNDECLARED_SELECTOR = YES;
				GCC_WARN_UNINITIALIZED_AUTOS = YES_AGGRESSIVE;
				GCC_WARN_UNUSED_FUNCTION = YES;
				GCC_WARN_UNUSED_VARIABLE = YES;
				IPHONEOS_DEPLOYMENT_TARGET = 9.2;
				MTL_ENABLE_DEBUG_INFO = NO;
				SDKROOT = iphoneos;
				VALIDATE_PRODUCT = YES;
			};
			name = Release;
		};
		8402E75D1D76A7CD00FC7C51 /* Debug */ = {
			isa = XCBuildConfiguration;
			buildSettings = {
				ASSETCATALOG_COMPILER_APPICON_NAME = AppIcon;
				INFOPLIST_FILE = WQQRScan/Info.plist;
				LD_RUNPATH_SEARCH_PATHS = "$(inherited) @executable_path/Frameworks";
				PRODUCT_BUNDLE_IDENTIFIER = com.jolimark.www.WQQRScan;
				PRODUCT_NAME = "$(TARGET_NAME)";
			};
			name = Debug;
		};
		8402E75E1D76A7CD00FC7C51 /* Release */ = {
			isa = XCBuildConfiguration;
			buildSettings = {
				ASSETCATALOG_COMPILER_APPICON_NAME = AppIcon;
				INFOPLIST_FILE = WQQRScan/Info.plist;
				LD_RUNPATH_SEARCH_PATHS = "$(inherited) @executable_path/Frameworks";
				PRODUCT_BUNDLE_IDENTIFIER = com.jolimark.www.WQQRScan;
				PRODUCT_NAME = "$(TARGET_NAME)";
			};
			name = Release;
		};
		8402E7601D76A7CD00FC7C51 /* Debug */ = {
			isa = XCBuildConfiguration;
			buildSettings = {
				BUNDLE_LOADER = "$(TEST_HOST)";
				INFOPLIST_FILE = WQQRScanTests/Info.plist;
				LD_RUNPATH_SEARCH_PATHS = "$(inherited) @executable_path/Frameworks @loader_path/Frameworks";
				PRODUCT_BUNDLE_IDENTIFIER = com.SUWQ.WQQRScanTests;
				PRODUCT_NAME = "$(TARGET_NAME)";
				TEST_HOST = "$(BUILT_PRODUCTS_DIR)/WQQRScan.app/WQQRScan";
			};
			name = Debug;
		};
		8402E7611D76A7CD00FC7C51 /* Release */ = {
			isa = XCBuildConfiguration;
			buildSettings = {
				BUNDLE_LOADER = "$(TEST_HOST)";
				INFOPLIST_FILE = WQQRScanTests/Info.plist;
				LD_RUNPATH_SEARCH_PATHS = "$(inherited) @executable_path/Frameworks @loader_path/Frameworks";
				PRODUCT_BUNDLE_IDENTIFIER = com.SUWQ.WQQRScanTests;
				PRODUCT_NAME = "$(TARGET_NAME)";
				TEST_HOST = "$(BUILT_PRODUCTS_DIR)/WQQRScan.app/WQQRScan";
			};
			name = Release;
		};
		8402E7631D76A7CD00FC7C51 /* Debug */ = {
			isa = XCBuildConfiguration;
			buildSettings = {
				INFOPLIST_FILE = WQQRScanUITests/Info.plist;
				LD_RUNPATH_SEARCH_PATHS = "$(inherited) @executable_path/Frameworks @loader_path/Frameworks";
				PRODUCT_BUNDLE_IDENTIFIER = com.SUWQ.WQQRScanUITests;
				PRODUCT_NAME = "$(TARGET_NAME)";
				TEST_TARGET_NAME = WQQRScan;
				USES_XCTRUNNER = YES;
			};
			name = Debug;
		};
		8402E7641D76A7CD00FC7C51 /* Release */ = {
			isa = XCBuildConfiguration;
			buildSettings = {
				INFOPLIST_FILE = WQQRScanUITests/Info.plist;
				LD_RUNPATH_SEARCH_PATHS = "$(inherited) @executable_path/Frameworks @loader_path/Frameworks";
				PRODUCT_BUNDLE_IDENTIFIER = com.SUWQ.WQQRScanUITests;
				PRODUCT_NAME = "$(TARGET_NAME)";
				TEST_TARGET_NAME = WQQRScan;
				USES_XCTRUNNER = YES;
			};
			name = Release;
		};
/* End XCBuildConfiguration section */

/* Begin XCConfigurationList section */
		8402E72A1D76A7CD00FC7C51 /* Build configuration list for PBXProject "WQQRScan" */ = {
			isa = XCConfigurationList;
			buildConfigurations = (
				8402E75A1D76A7CD00FC7C51 /* Debug */,
				8402E75B1D76A7CD00FC7C51 /* Release */,
			);
			defaultConfigurationIsVisible = 0;
			defaultConfigurationName = Release;
		};
		8402E75C1D76A7CD00FC7C51 /* Build configuration list for PBXNativeTarget "WQQRScan" */ = {
			isa = XCConfigurationList;
			buildConfigurations = (
				8402E75D1D76A7CD00FC7C51 /* Debug */,
				8402E75E1D76A7CD00FC7C51 /* Release */,
			);
			defaultConfigurationIsVisible = 0;
			defaultConfigurationName = Release;
		};
		8402E75F1D76A7CD00FC7C51 /* Build configuration list for PBXNativeTarget "WQQRScanTests" */ = {
			isa = XCConfigurationList;
			buildConfigurations = (
				8402E7601D76A7CD00FC7C51 /* Debug */,
				8402E7611D76A7CD00FC7C51 /* Release */,
			);
			defaultConfigurationIsVisible = 0;
			defaultConfigurationName = Release;
		};
		8402E7621D76A7CD00FC7C51 /* Build configuration list for PBXNativeTarget "WQQRScanUITests" */ = {
			isa = XCConfigurationList;
			buildConfigurations = (
				8402E7631D76A7CD00FC7C51 /* Debug */,
				8402E7641D76A7CD00FC7C51 /* Release */,
			);
			defaultConfigurationIsVisible = 0;
			defaultConfigurationName = Release;
		};
/* End XCConfigurationList section */
	};
	rootObject = 8402E7271D76A7CD00FC7C51 /* Project object */;
}
